
Microsoft Visual Studio Solution File, Format Version 12.00
# Visual Studio Version 16
VisualStudioVersion = 16.0.30907.101
MinimumVisualStudioVersion = 10.0.40219.1
Project("{FAE04EC0-301F-11D3-BF4B-00C04F79EFBC}") = "Lab 1(11.02.22)", "Lab 1(11.02.22)\Lab 1(11.02.22).csproj", "{2C64B138-4B8F-44EF-9234-CCEAF8ED55F8}"
EndProject
Global
	GlobalSection(SolutionConfigurationPlatforms) = preSolution
		Debug|Any CPU = Debug|Any CPU
		Release|Any CPU = Release|Any CPU
	EndGlobalSection
	GlobalSection(ProjectConfigurationPlatforms) = postSolution
		{2C64B138-4B8F-44EF-9234-CCEAF8ED55F8}.Debug|Any CPU.ActiveCfg = Debug|Any CPU
		{2C64B138-4B8F-44EF-9234-CCEAF8ED55F8}.Debug|Any CPU.Build.0 = Debug|Any CPU
		{2C64B138-4B8F-44EF-9234-CCEAF8ED55F8}.Release|Any CPU.ActiveCfg = Release|Any CPU
		{2C64B138-4B8F-44EF-9234-CCEAF8ED55F8}.Release|Any CPU.Build.0 = Release|Any CPU
	EndGlobalSection
	GlobalSection(SolutionProperties) = preSolution
		HideSolutionNode = FALSE
	EndGlobalSection
	GlobalSection(ExtensibilityGlobals) = postSolution
		SolutionGuid = {B63F978C-F916-40AF-A4D6-1DED69E4F106}
	EndGlobalSection
EndGlobal
